---
lockVersion: 1.0.0
dependencies:
  codeql/concepts:
    version: 0.0.4
  codeql/controlflow:
    version: 2.0.14
  codeql/dataflow:
    version: 2.0.14
  codeql/mad:
    version: 1.0.30
  codeql/python-all:
    version: 4.0.14
  codeql/regex:
    version: 1.0.30
  codeql/ssa:
    version: 2.0.6
  codeql/threat-models:
    version: 1.0.30
  codeql/tutorial:
    version: 1.0.30
  codeql/typetracking:
    version: 2.0.14
  codeql/util:
    version: 2.0.17
  codeql/xml:
    version: 1.0.30
  codeql/yaml:
    version: 1.0.30
compiled: false
